
Microsoft Visual Studio Solution File, Format Version 12.00
# Visual Studio Version 16
VisualStudioVersion = 16.0.29728.190
MinimumVisualStudioVersion = 10.0.40219.1
Project("{FAE04EC0-301F-11D3-BF4B-00C04F79EFBC}") = "RFIDAttendence", "RFIDAttendence\RFIDAttendence.csproj", "{10FEA716-1A89-4E41-AD0C-07560F2E6578}"
EndProject
Global
	GlobalSection(SolutionConfigurationPlatforms) = preSolution
		Debug|Any CPU = Debug|Any CPU
		Release|Any CPU = Release|Any CPU
	EndGlobalSection
	GlobalSection(ProjectConfigurationPlatforms) = postSolution
		{10FEA716-1A89-4E41-AD0C-07560F2E6578}.Debug|Any CPU.ActiveCfg = Debug|Any CPU
		{10FEA716-1A89-4E41-AD0C-07560F2E6578}.Debug|Any CPU.Build.0 = Debug|Any CPU
		{10FEA716-1A89-4E41-AD0C-07560F2E6578}.Release|Any CPU.ActiveCfg = Release|Any CPU
		{10FEA716-1A89-4E41-AD0C-07560F2E6578}.Release|Any CPU.Build.0 = Release|Any CPU
	EndGlobalSection
	GlobalSection(SolutionProperties) = preSolution
		HideSolutionNode = FALSE
	EndGlobalSection
	GlobalSection(ExtensibilityGlobals) = postSolution
		SolutionGuid = {1BD975DD-153E-4DBC-8D65-BAF25E0F22B2}
	EndGlobalSection
EndGlobal
